
Microsoft Visual Studio Solution File, Format Version 12.00
# Visual Studio 15
VisualStudioVersion = 15.0.28010.2003
MinimumVisualStudioVersion = 10.0.40219.1
Project("{FAE04EC0-301F-11D3-BF4B-00C04F79EFBC}") = "TripCostRedistributor", "TripCostRedistributor\TripCostRedistributor.csproj", "{CD52B4EB-EA57-4F12-8A5B-7B48B2C30ABE}"
EndProject
Project("{FAE04EC0-301F-11D3-BF4B-00C04F79EFBC}") = "CampingBillMethodTester", "CampingBillMethodTester\CampingBillMethodTester.csproj", "{675AB3D8-998C-43A9-9A96-8387CBFE3937}"
EndProject
Global
	GlobalSection(SolutionConfigurationPlatforms) = preSolution
		Debug|Any CPU = Debug|Any CPU
		Release|Any CPU = Release|Any CPU
	EndGlobalSection
	GlobalSection(ProjectConfigurationPlatforms) = postSolution
		{CD52B4EB-EA57-4F12-8A5B-7B48B2C30ABE}.Debug|Any CPU.ActiveCfg = Debug|Any CPU
		{CD52B4EB-EA57-4F12-8A5B-7B48B2C30ABE}.Debug|Any CPU.Build.0 = Debug|Any CPU
		{CD52B4EB-EA57-4F12-8A5B-7B48B2C30ABE}.Release|Any CPU.ActiveCfg = Release|Any CPU
		{CD52B4EB-EA57-4F12-8A5B-7B48B2C30ABE}.Release|Any CPU.Build.0 = Release|Any CPU
		{675AB3D8-998C-43A9-9A96-8387CBFE3937}.Debug|Any CPU.ActiveCfg = Debug|Any CPU
		{675AB3D8-998C-43A9-9A96-8387CBFE3937}.Debug|Any CPU.Build.0 = Debug|Any CPU
		{675AB3D8-998C-43A9-9A96-8387CBFE3937}.Release|Any CPU.ActiveCfg = Release|Any CPU
		{675AB3D8-998C-43A9-9A96-8387CBFE3937}.Release|Any CPU.Build.0 = Release|Any CPU
	EndGlobalSection
	GlobalSection(SolutionProperties) = preSolution
		HideSolutionNode = FALSE
	EndGlobalSection
	GlobalSection(ExtensibilityGlobals) = postSolution
		SolutionGuid = {6CC112FD-B0FD-41F6-BA53-B5CA3599B365}
	EndGlobalSection
EndGlobal
